# This file is automatically @generated by Cargo.
# It is not intended for manual editing.
version = 4

[[package]]
name = "tt-api-server"
version = "0.1.0"

[[package]]
name = "tt-cache"
version = "0.1.0"

[[package]]
name = "tt-config"
version = "0.1.0"

[[package]]
name = "tt-contract"
version = "0.1.0"

[[package]]
name = "tt-logging"
version = "0.1.0"

[[package]]
name = "tt-mapper"
version = "0.1.0"

[[package]]
name = "tt-orchestrator"
version = "0.1.0"

[[package]]
name = "tt-provider-core"
version = "0.1.0"

[[package]]
name = "tt-provider-easemytrip"
version = "0.1.0"

[[package]]
name = "tt-provider-goibibo"
version = "0.1.0"

[[package]]
name = "tt-provider-http"
version = "0.1.0"

[[package]]
name = "tt-provider-paytm"
version = "0.1.0"

[[package]]
name = "tt-provider-railradar"
version = "0.1.0"

[[package]]
name = "tt-provider-railyatri"
version = "0.1.0"

[[package]]
name = "tt-provider-wimt"
version = "0.1.0"

[[package]]
name = "tt-qos"
version = "0.1.0"

[[package]]
name = "tt-rate-limit"
version = "0.1.0"

[[package]]
name = "tt-telemetry"
version = "0.1.0"

[[package]]
name = "tt-trains-data"
version = "0.1.0"
